// !$*UTF8*$!
{
	archiveVersion = 1;
	classes = {
	};
	objectVersion = 46;
	objects = {

/* Begin PBXBuildFile section */
		DCF32C181B3D482100B2AF0E /* AppDelegate.swift in Sources */ = {isa = PBXBuildFile; fileRef = DCF32C171B3D482100B2AF0E /* AppDelegate.swift */; };
		DCF32C1A1B3D482100B2AF0E /* ViewController.swift in Sources */ = {isa = PBXBuildFile; fileRef = DCF32C191B3D482100B2AF0E /* ViewController.swift */; };
		DCF32C1D1B3D482100B2AF0E /* Main.storyboard in Resources */ = {isa = PBXBuildFile; fileRef = DCF32C1B1B3D482100B2AF0E /* Main.storyboard */; };
		DCF32C1F1B3D482100B2AF0E /* Images.xcassets in Resources */ = {isa = PBXBuildFile; fileRef = DCF32C1E1B3D482100B2AF0E /* Images.xcassets */; };
		DCF32C221B3D482100B2AF0E /* LaunchScreen.xib in Resources */ = {isa = PBXBuildFile; fileRef = DCF32C201B3D482100B2AF0E /* LaunchScreen.xib */; };
		DCF32C2E1B3D482100B2AF0E /* instalkrTests.swift in Sources */ = {isa = PBXBuildFile; fileRef = DCF32C2D1B3D482100B2AF0E /* instalkrTests.swift */; };
/* End PBXBuildFile section */

/* Begin PBXContainerItemProxy section */
		DCF32C281B3D482100B2AF0E /* PBXContainerItemProxy */ = {
			isa = PBXContainerItemProxy;
			containerPortal = DCF32C0A1B3D482100B2AF0E /* Project object */;
			proxyType = 1;
			remoteGlobalIDString = DCF32C111B3D482100B2AF0E;
			remoteInfo = instalkr;
		};
/* End PBXContainerItemProxy section */

/* Begin PBXFileReference section */
		DCF32C121B3D482100B2AF0E /* instalkr.app */ = {isa = PBXFileReference; explicitFileType = wrapper.application; includeInIndex = 0; path = instalkr.app; sourceTree = BUILT_PRODUCTS_DIR; };
		DCF32C161B3D482100B2AF0E /* Info.plist */ = {isa = PBXFileReference; lastKnownFileType = text.plist.xml; path = Info.plist; sourceTree = "<group>"; };
		DCF32C171B3D482100B2AF0E /* AppDelegate.swift */ = {isa = PBXFileReference; lastKnownFileType = sourcecode.swift; path = AppDelegate.swift; sourceTree = "<group>"; };
		DCF32C191B3D482100B2AF0E /* ViewController.swift */ = {isa = PBXFileReference; lastKnownFileType = sourcecode.swift; path = ViewController.swift; sourceTree = "<group>"; };
		DCF32C1C1B3D482100B2AF0E /* Base */ = {isa = PBXFileReference; lastKnownFileType = file.storyboard; name = Base; path = Base.lproj/Main.storyboard; sourceTree = "<group>"; };
		DCF32C1E1B3D482100B2AF0E /* Images.xcassets */ = {isa = PBXFileReference; lastKnownFileType = folder.assetcatalog; path = Images.xcassets; sourceTree = "<group>"; };
		DCF32C211B3D482100B2AF0E /* Base */ = {isa = PBXFileReference; lastKnownFileType = file.xib; name = Base; path = Base.lproj/LaunchScreen.xib; sourceTree = "<group>"; };
		DCF32C271B3D482100B2AF0E /* instalkrTests.xctest */ = {isa = PBXFileReference; explicitFileType = wrapper.cfbundle; includeInIndex = 0; path = instalkrTests.xctest; sourceTree = BUILT_PRODUCTS_DIR; };
		DCF32C2C1B3D482100B2AF0E /* Info.plist */ = {isa = PBXFileReference; lastKnownFileType = text.plist.xml; path = Info.plist; sourceTree = "<group>"; };
		DCF32C2D1B3D482100B2AF0E /* instalkrTests.swift */ = {isa = PBXFileReference; lastKnownFileType = sourcecode.swift; path = instalkrTests.swift; sourceTree = "<group>"; };
/* End PBXFileReference section */

/* Begin PBXFrameworksBuildPhase section */
		DCF32C0F1B3D482100B2AF0E /* Frameworks */ = {
			isa = PBXFrameworksBuildPhase;
			buildActionMask = 2147483647;
			files = (
			);
			runOnlyForDeploymentPostprocessing = 0;
		};
		DCF32C241B3D482100B2AF0E /* Frameworks */ = {
			isa = PBXFrameworksBuildPhase;
			buildActionMask = 2147483647;
			files = (
			);
			runOnlyForDeploymentPostprocessing = 0;
		};
/* End PBXFrameworksBuildPhase section */

/* Begin PBXGroup section */
		DCF32C091B3D482100B2AF0E = {
			isa = PBXGroup;
			children = (
				DCF32C141B3D482100B2AF0E /* instalkr */,
				DCF32C2A1B3D482100B2AF0E /* instalkrTests */,
				DCF32C131B3D482100B2AF0E /* Products */,
			);
			sourceTree = "<group>";
		};
		DCF32C131B3D482100B2AF0E /* Products */ = {
			isa = PBXGroup;
			children = (
				DCF32C121B3D482100B2AF0E /* instalkr.app */,
				DCF32C271B3D482100B2AF0E /* instalkrTests.xctest */,
			);
			name = Products;
			sourceTree = "<group>";
		};
		DCF32C141B3D482100B2AF0E /* instalkr */ = {
			isa = PBXGroup;
			children = (
				DCF32C171B3D482100B2AF0E /* AppDelegate.swift */,
				DCF32C191B3D482100B2AF0E /* ViewController.swift */,
				DCF32C1B1B3D482100B2AF0E /* Main.storyboard */,
				DCF32C1E1B3D482100B2AF0E /* Images.xcassets */,
				DCF32C201B3D482100B2AF0E /* LaunchScreen.xib */,
				DCF32C151B3D482100B2AF0E /* Supporting Files */,
			);
			path = instalkr;
			sourceTree = "<group>";
		};
		DCF32C151B3D482100B2AF0E /* Supporting Files */ = {
			isa = PBXGroup;
			children = (
				DCF32C161B3D482100B2AF0E /* Info.plist */,
			);
			name = "Supporting Files";
			sourceTree = "<group>";
		};
		DCF32C2A1B3D482100B2AF0E /* instalkrTests */ = {
			isa = PBXGroup;
			children = (
				DCF32C2D1B3D482100B2AF0E /* instalkrTests.swift */,
				DCF32C2B1B3D482100B2AF0E /* Supporting Files */,
			);
			path = instalkrTests;
			sourceTree = "<group>";
		};
		DCF32C2B1B3D482100B2AF0E /* Supporting Files */ = {
			isa = PBXGroup;
			children = (
				DCF32C2C1B3D482100B2AF0E /* Info.plist */,
			);
			name = "Supporting Files";
			sourceTree = "<group>";
		};
/* End PBXGroup section */

/* Begin PBXNativeTarget section */
		DCF32C111B3D482100B2AF0E /* instalkr */ = {
			isa = PBXNativeTarget;
			buildConfigurationList = DCF32C311B3D482100B2AF0E /* Build configuration list for PBXNativeTarget "instalkr" */;
			buildPhases = (
				DCF32C0E1B3D482100B2AF0E /* Sources */,
				DCF32C0F1B3D482100B2AF0E /* Frameworks */,
				DCF32C101B3D482100B2AF0E /* Resources */,
			);
			buildRules = (
			);
			dependencies = (
			);
			name = instalkr;
			productName = instalkr;
			productReference = DCF32C121B3D482100B2AF0E /* instalkr.app */;
			productType = "com.apple.product-type.application";
		};
		DCF32C261B3D482100B2AF0E /* instalkrTests */ = {
			isa = PBXNativeTarget;
			buildConfigurationList = DCF32C341B3D482100B2AF0E /* Build configuration list for PBXNativeTarget "instalkrTests" */;
			buildPhases = (
				DCF32C231B3D482100B2AF0E /* Sources */,
				DCF32C241B3D482100B2AF0E /* Frameworks */,
				DCF32C251B3D482100B2AF0E /* Resources */,
			);
			buildRules = (
			);
			dependencies = (
				DCF32C291B3D482100B2AF0E /* PBXTargetDependency */,
			);
			name = instalkrTests;
			productName = instalkrTests;
			productReference = DCF32C271B3D482100B2AF0E /* instalkrTests.xctest */;
			productType = "com.apple.product-type.bundle.unit-test";
		};
/* End PBXNativeTarget section */

/* Begin PBXProject section */
		DCF32C0A1B3D482100B2AF0E /* Project object */ = {
			isa = PBXProject;
			attributes = {
				LastUpgradeCheck = 0630;
				ORGANIZATIONNAME = sassyCodes;
				TargetAttributes = {
					DCF32C111B3D482100B2AF0E = {
						CreatedOnToolsVersion = 6.3.2;
					};
					DCF32C261B3D482100B2AF0E = {
						CreatedOnToolsVersion = 6.3.2;
						TestTargetID = DCF32C111B3D482100B2AF0E;
					};
				};
			};
			buildConfigurationList = DCF32C0D1B3D482100B2AF0E /* Build configuration list for PBXProject "instalkr" */;
			compatibilityVersion = "Xcode 3.2";
			developmentRegion = English;
			hasScannedForEncodings = 0;
			knownRegions = (
				en,
				Base,
			);
			mainGroup = DCF32C091B3D482100B2AF0E;
			productRefGroup = DCF32C131B3D482100B2AF0E /* Products */;
			projectDirPath = "";
			projectRoot = "";
			targets = (
				DCF32C111B3D482100B2AF0E /* instalkr */,
				DCF32C261B3D482100B2AF0E /* instalkrTests */,
			);
		};
/* End PBXProject section */

/* Begin PBXResourcesBuildPhase section */
		DCF32C101B3D482100B2AF0E /* Resources */ = {
			isa = PBXResourcesBuildPhase;
			buildActionMask = 2147483647;
			files = (
				DCF32C1D1B3D482100B2AF0E /* Main.storyboard in Resources */,
				DCF32C221B3D482100B2AF0E /* LaunchScreen.xib in Resources */,
				DCF32C1F1B3D482100B2AF0E /* Images.xcassets in Resources */,
			);
			runOnlyForDeploymentPostprocessing = 0;
		};
		DCF32C251B3D482100B2AF0E /* Resources */ = {
			isa = PBXResourcesBuildPhase;
			buildActionMask = 2147483647;
			files = (
			);
			runOnlyForDeploymentPostprocessing = 0;
		};
/* End PBXResourcesBuildPhase section */

/* Begin PBXSourcesBuildPhase section */
		DCF32C0E1B3D482100B2AF0E /* Sources */ = {
			isa = PBXSourcesBuildPhase;
			buildActionMask = 2147483647;
			files = (
				DCF32C1A1B3D482100B2AF0E /* ViewController.swift in Sources */,
				DCF32C181B3D482100B2AF0E /* AppDelegate.swift in Sources */,
			);
			runOnlyForDeploymentPostprocessing = 0;
		};
		DCF32C231B3D482100B2AF0E /* Sources */ = {
			isa = PBXSourcesBuildPhase;
			buildActionMask = 2147483647;
			files = (
				DCF32C2E1B3D482100B2AF0E /* instalkrTests.swift in Sources */,
			);
			runOnlyForDeploymentPostprocessing = 0;
		};
/* End PBXSourcesBuildPhase section */

/* Begin PBXTargetDependency section */
		DCF32C291B3D482100B2AF0E /* PBXTargetDependency */ = {
			isa = PBXTargetDependency;
			target = DCF32C111B3D482100B2AF0E /* instalkr */;
			targetProxy = DCF32C281B3D482100B2AF0E /* PBXContainerItemProxy */;
		};
/* End PBXTargetDependency section */

/* Begin PBXVariantGroup section */
		DCF32C1B1B3D482100B2AF0E /* Main.storyboard */ = {
			isa = PBXVariantGroup;
			children = (
				DCF32C1C1B3D482100B2AF0E /* Base */,
			);
			name = Main.storyboard;
			sourceTree = "<group>";
		};
		DCF32C201B3D482100B2AF0E /* LaunchScreen.xib */ = {
			isa = PBXVariantGroup;
			children = (
				DCF32C211B3D482100B2AF0E /* Base */,
			);
			name = LaunchScreen.xib;
			sourceTree = "<group>";
		};
/* End PBXVariantGroup section */

/* Begin XCBuildConfiguration section */
		DCF32C2F1B3D482100B2AF0E /* Debug */ = {
			isa = XCBuildConfiguration;
			buildSettings = {
				ALWAYS_SEARCH_USER_PATHS = NO;
				CLANG_CXX_LANGUAGE_STANDARD = "gnu++0x";
				CLANG_CXX_LIBRARY = "libc++";
				CLANG_ENABLE_MODULES = YES;
				CLANG_ENABLE_OBJC_ARC = YES;
				CLANG_WARN_BOOL_CONVERSION = YES;
				CLANG_WARN_CONSTANT_CONVERSION = YES;
				CLANG_WARN_DIRECT_OBJC_ISA_USAGE = YES_ERROR;
				CLANG_WARN_EMPTY_BODY = YES;
				CLANG_WARN_ENUM_CONVERSION = YES;
				CLANG_WARN_INT_CONVERSION = YES;
				CLANG_WARN_OBJC_ROOT_CLASS = YES_ERROR;
				CLANG_WARN_UNREACHABLE_CODE = YES;
				CLANG_WARN__DUPLICATE_METHOD_MATCH = YES;
				"CODE_SIGN_IDENTITY[sdk=iphoneos*]" = "iPhone Developer";
				COPY_PHASE_STRIP = NO;
				DEBUG_INFORMATION_FORMAT = "dwarf-with-dsym";
				ENABLE_STRICT_OBJC_MSGSEND = YES;
				GCC_C_LANGUAGE_STANDARD = gnu99;
				GCC_DYNAMIC_NO_PIC = NO;
				GCC_NO_COMMON_BLOCKS = YES;
				GCC_OPTIMIZATION_LEVEL = 0;
				GCC_PREPROCESSOR_DEFINITIONS = (
					"DEBUG=1",
					"$(inherited)",
				);
				GCC_SYMBOLS_PRIVATE_EXTERN = NO;
				GCC_WARN_64_TO_32_BIT_CONVERSION = YES;
				GCC_WARN_ABOUT_RETURN_TYPE = YES_ERROR;
				GCC_WARN_UNDECLARED_SELECTOR = YES;
				GCC_WARN_UNINITIALIZED_AUTOS = YES_AGGRESSIVE;
				GCC_WARN_UNUSED_FUNCTION = YES;
				GCC_WARN_UNUSED_VARIABLE = YES;
				IPHONEOS_DEPLOYMENT_TARGET = 8.3;
				MTL_ENABLE_DEBUG_INFO = YES;
				ONLY_ACTIVE_ARCH = YES;
				SDKROOT = iphoneos;
				SWIFT_OPTIMIZATION_LEVEL = "-Onone";
				TARGETED_DEVICE_FAMILY = "1,2";
			};
			name = Debug;
		};
		DCF32C301B3D482100B2AF0E /* Release */ = {
			isa = XCBuildConfiguration;
			buildSettings = {
				ALWAYS_SEARCH_USER_PATHS = NO;
				CLANG_CXX_LANGUAGE_STANDARD = "gnu++0x";
				CLANG_CXX_LIBRARY = "libc++";
				CLANG_ENABLE_MODULES = YES;
				CLANG_ENABLE_OBJC_ARC = YES;
				CLANG_WARN_BOOL_CONVERSION = YES;
				CLANG_WARN_CONSTANT_CONVERSION = YES;
				CLANG_WARN_DIRECT_OBJC_ISA_USAGE = YES_ERROR;
				CLANG_WARN_EMPTY_BODY = YES;
				CLANG_WARN_ENUM_CONVERSION = YES;
				CLANG_WARN_INT_CONVERSION = YES;
				CLANG_WARN_OBJC_ROOT_CLASS = YES_ERROR;
				CLANG_WARN_UNREACHABLE_CODE = YES;
				CLANG_WARN__DUPLICATE_METHOD_MATCH = YES;
				"CODE_SIGN_IDENTITY[sdk=iphoneos*]" = "iPhone Developer";
				COPY_PHASE_STRIP = NO;
				DEBUG_INFORMATION_FORMAT = "dwarf-with-dsym";
				ENABLE_NS_ASSERTIONS = NO;
				ENABLE_STRICT_OBJC_MSGSEND = YES;
				GCC_C_LANGUAGE_STANDARD = gnu99;
				GCC_NO_COMMON_BLOCKS = YES;
				GCC_WARN_64_TO_32_BIT_CONVERSION = YES;
				GCC_WARN_ABOUT_RETURN_TYPE = YES_ERROR;
				GCC_WARN_UNDECLARED_SELECTOR = YES;
				GCC_WARN_UNINITIALIZED_AUTOS = YES_AGGRESSIVE;
				GCC_WARN_UNUSED_FUNCTION = YES;
				GCC_WARN_UNUSED_VARIABLE = YES;
				IPHONEOS_DEPLOYMENT_TARGET = 8.3;
				MTL_ENABLE_DEBUG_INFO = NO;
				SDKROOT = iphoneos;
				TARGETED_DEVICE_FAMILY = "1,2";
				VALIDATE_PRODUCT = YES;
			};
			name = Release;
		};
		DCF32C321B3D482100B2AF0E /* Debug */ = {
			isa = XCBuildConfiguration;
			buildSettings = {
				ASSETCATALOG_COMPILER_APPICON_NAME = AppIcon;
				INFOPLIST_FILE = instalkr/Info.plist;
				LD_RUNPATH_SEARCH_PATHS = "$(inherited) @executable_path/Frameworks";
				PRODUCT_NAME = "$(TARGET_NAME)";
			};
			name = Debug;
		};
		DCF32C331B3D482100B2AF0E /* Release */ = {
			isa = XCBuildConfiguration;
			buildSettings = {
				ASSETCATALOG_COMPILER_APPICON_NAME = AppIcon;
				INFOPLIST_FILE = instalkr/Info.plist;
				LD_RUNPATH_SEARCH_PATHS = "$(inherited) @executable_path/Frameworks";
				PRODUCT_NAME = "$(TARGET_NAME)";
			};
			name = Release;
		};
		DCF32C351B3D482100B2AF0E /* Debug */ = {
			isa = XCBuildConfiguration;
			buildSettings = {
				BUNDLE_LOADER = "$(TEST_HOST)";
				FRAMEWORK_SEARCH_PATHS = (
					"$(SDKROOT)/Developer/Library/Frameworks",
					"$(inherited)",
				);
				GCC_PREPROCESSOR_DEFINITIONS = (
					"DEBUG=1",
					"$(inherited)",
				);
				INFOPLIST_FILE = instalkrTests/Info.plist;
				LD_RUNPATH_SEARCH_PATHS = "$(inherited) @executable_path/Frameworks @loader_path/Frameworks";
				PRODUCT_NAME = "$(TARGET_NAME)";
				TEST_HOST = "$(BUILT_PRODUCTS_DIR)/instalkr.app/instalkr";
			};
			name = Debug;
		};
		DCF32C361B3D482100B2AF0E /* Release */ = {
			isa = XCBuildConfiguration;
			buildSettings = {
				BUNDLE_LOADER = "$(TEST_HOST)";
				FRAMEWORK_SEARCH_PATHS = (
					"$(SDKROOT)/Developer/Library/Frameworks",
					"$(inherited)",
				);
				INFOPLIST_FILE = instalkrTests/Info.plist;
				LD_RUNPATH_SEARCH_PATHS = "$(inherited) @executable_path/Frameworks @loader_path/Frameworks";
				PRODUCT_NAME = "$(TARGET_NAME)";
				TEST_HOST = "$(BUILT_PRODUCTS_DIR)/instalkr.app/instalkr";
			};
			name = Release;
		};
/* End XCBuildConfiguration section */

/* Begin XCConfigurationList section */
		DCF32C0D1B3D482100B2AF0E /* Build configuration list for PBXProject "instalkr" */ = {
			isa = XCConfigurationList;
			buildConfigurations = (
				DCF32C2F1B3D482100B2AF0E /* Debug */,
				DCF32C301B3D482100B2AF0E /* Release */,
			);
			defaultConfigurationIsVisible = 0;
			defaultConfigurationName = Release;
		};
		DCF32C311B3D482100B2AF0E /* Build configuration list for PBXNativeTarget "instalkr" */ = {
			isa = XCConfigurationList;
			buildConfigurations = (
				DCF32C321B3D482100B2AF0E /* Debug */,
				DCF32C331B3D482100B2AF0E /* Release */,
			);
			defaultConfigurationIsVisible = 0;
		};
		DCF32C341B3D482100B2AF0E /* Build configuration list for PBXNativeTarget "instalkrTests" */ = {
			isa = XCConfigurationList;
			buildConfigurations = (
				DCF32C351B3D482100B2AF0E /* Debug */,
				DCF32C361B3D482100B2AF0E /* Release */,
			);
			defaultConfigurationIsVisible = 0;
		};
/* End XCConfigurationList section */
	};
	rootObject = DCF32C0A1B3D482100B2AF0E /* Project object */;
}
